
Microsoft Visual Studio Solution File, Format Version 12.00
# Visual Studio Version 17
VisualStudioVersion = 17.5.33414.496
MinimumVisualStudioVersion = 10.0.40219.1
Project("{FAE04EC0-301F-11D3-BF4B-00C04F79EFBC}") = "WeatherViewer", "WeatherViewer\WeatherViewer.csproj", "{BE97F708-711A-4AEF-BC7C-09CBE026E15D}"
EndProject
Global
	GlobalSection(SolutionConfigurationPlatforms) = preSolution
		Debug|Any CPU = Debug|Any CPU
		Release|Any CPU = Release|Any CPU
	EndGlobalSection
	GlobalSection(ProjectConfigurationPlatforms) = postSolution
		{BE97F708-711A-4AEF-BC7C-09CBE026E15D}.Debug|Any CPU.ActiveCfg = Debug|Any CPU
		{BE97F708-711A-4AEF-BC7C-09CBE026E15D}.Debug|Any CPU.Build.0 = Debug|Any CPU
		{BE97F708-711A-4AEF-BC7C-09CBE026E15D}.Release|Any CPU.ActiveCfg = Release|Any CPU
		{BE97F708-711A-4AEF-BC7C-09CBE026E15D}.Release|Any CPU.Build.0 = Release|Any CPU
	EndGlobalSection
	GlobalSection(SolutionProperties) = preSolution
		HideSolutionNode = FALSE
	EndGlobalSection
	GlobalSection(ExtensibilityGlobals) = postSolution
		SolutionGuid = {2ADCCC24-C042-4944-8626-9A880A7DB985}
	EndGlobalSection
EndGlobal
